
Microsoft Visual Studio Solution File, Format Version 12.00
# Visual Studio 2013
VisualStudioVersion = 12.0.30723.0
MinimumVisualStudioVersion = 10.0.40219.1
Project("{8BC9CEB8-8B4A-11D0-8D11-00A0C91BC942}") = "2016HDP_3_2", "2016HDP_3_2\2016HDP_3_2.vcxproj", "{2B6963AD-02E0-4EF2-9F42-5602BC312BDB}"
EndProject
Global
	GlobalSection(SolutionConfigurationPlatforms) = preSolution
		Debug|Win32 = Debug|Win32
		Release|Win32 = Release|Win32
	EndGlobalSection
	GlobalSection(ProjectConfigurationPlatforms) = postSolution
		{2B6963AD-02E0-4EF2-9F42-5602BC312BDB}.Debug|Win32.ActiveCfg = Debug|Win32
		{2B6963AD-02E0-4EF2-9F42-5602BC312BDB}.Debug|Win32.Build.0 = Debug|Win32
		{2B6963AD-02E0-4EF2-9F42-5602BC312BDB}.Release|Win32.ActiveCfg = Release|Win32
		{2B6963AD-02E0-4EF2-9F42-5602BC312BDB}.Release|Win32.Build.0 = Release|Win32
	EndGlobalSection
	GlobalSection(SolutionProperties) = preSolution
		HideSolutionNode = FALSE
	EndGlobalSection
EndGlobal
